// !$*UTF8*$!
{
	archiveVersion = 1;
	classes = {
	};
	objectVersion = 77;
	objects = {

/* Begin PBXBuildFile section */
		1F140F972D6B67C600302FB7 /* WidgetKit.framework in Frameworks */ = {isa = PBXBuildFile; fileRef = 1F140F962D6B67C600302FB7 /* WidgetKit.framework */; };
		1F140F992D6B67C600302FB7 /* SwiftUI.framework in Frameworks */ = {isa = PBXBuildFile; fileRef = 1F140F982D6B67C600302FB7 /* SwiftUI.framework */; };
		1F140FA62D6B67C700302FB7 /* PomodorinoTimerExtension.appex in Embed Foundation Extensions */ = {isa = PBXBuildFile; fileRef = 1F140F942D6B67C600302FB7 /* PomodorinoTimerExtension.appex */; settings = {ATTRIBUTES = (RemoveHeadersOnCopy, ); }; };
/* End PBXBuildFile section */

/* Begin PBXContainerItemProxy section */
		1F140FA42D6B67C700302FB7 /* PBXContainerItemProxy */ = {
			isa = PBXContainerItemProxy;
			containerPortal = 1F9CAD792CF36ADB00A82D52 /* Project object */;
			proxyType = 1;
			remoteGlobalIDString = 1F140F932D6B67C600302FB7;
			remoteInfo = PomodorinoTimerExtension;
		};
		1F9CAD942CF36ADC00A82D52 /* PBXContainerItemProxy */ = {
			isa = PBXContainerItemProxy;
			containerPortal = 1F9CAD792CF36ADB00A82D52 /* Project object */;
			proxyType = 1;
			remoteGlobalIDString = 1F9CAD802CF36ADB00A82D52;
			remoteInfo = Pomodori;
		};
		1F9CAD9E2CF36ADC00A82D52 /* PBXContainerItemProxy */ = {
			isa = PBXContainerItemProxy;
			containerPortal = 1F9CAD792CF36ADB00A82D52 /* Project object */;
			proxyType = 1;
			remoteGlobalIDString = 1F9CAD802CF36ADB00A82D52;
			remoteInfo = Pomodori;
		};
/* End PBXContainerItemProxy section */

/* Begin PBXCopyFilesBuildPhase section */
		1F140FA72D6B67C700302FB7 /* Embed Foundation Extensions */ = {
			isa = PBXCopyFilesBuildPhase;
			buildActionMask = 2147483647;
			dstPath = "";
			dstSubfolderSpec = 13;
			files = (
				1F140FA62D6B67C700302FB7 /* PomodorinoTimerExtension.appex in Embed Foundation Extensions */,
			);
			name = "Embed Foundation Extensions";
			runOnlyForDeploymentPostprocessing = 0;
		};
/* End PBXCopyFilesBuildPhase section */

/* Begin PBXFileReference section */
		1F140F942D6B67C600302FB7 /* PomodorinoTimerExtension.appex */ = {isa = PBXFileReference; explicitFileType = "wrapper.app-extension"; includeInIndex = 0; path = PomodorinoTimerExtension.appex; sourceTree = BUILT_PRODUCTS_DIR; };
		1F140F962D6B67C600302FB7 /* WidgetKit.framework */ = {isa = PBXFileReference; lastKnownFileType = wrapper.framework; name = WidgetKit.framework; path = System/Library/Frameworks/WidgetKit.framework; sourceTree = SDKROOT; };
		1F140F982D6B67C600302FB7 /* SwiftUI.framework */ = {isa = PBXFileReference; lastKnownFileType = wrapper.framework; name = SwiftUI.framework; path = System/Library/Frameworks/SwiftUI.framework; sourceTree = SDKROOT; };
		1F9CAD812CF36ADB00A82D52 /* Pomodorini.app */ = {isa = PBXFileReference; explicitFileType = wrapper.application; includeInIndex = 0; path = Pomodorini.app; sourceTree = BUILT_PRODUCTS_DIR; };
		1F9CAD932CF36ADC00A82D52 /* PomodoriniTests.xctest */ = {isa = PBXFileReference; explicitFileType = wrapper.cfbundle; includeInIndex = 0; path = PomodoriniTests.xctest; sourceTree = BUILT_PRODUCTS_DIR; };
		1F9CAD9D2CF36ADC00A82D52 /* PomodoriniUITests.xctest */ = {isa = PBXFileReference; explicitFileType = wrapper.cfbundle; includeInIndex = 0; path = PomodoriniUITests.xctest; sourceTree = BUILT_PRODUCTS_DIR; };
/* End PBXFileReference section */

/* Begin PBXFileSystemSynchronizedBuildFileExceptionSet section */
		1F140FAA2D6B67C700302FB7 /* Exceptions for "PomodorinoTimer" folder in "PomodorinoTimerExtension" target */ = {
			isa = PBXFileSystemSynchronizedBuildFileExceptionSet;
			membershipExceptions = (
				Info.plist,
			);
			target = 1F140F932D6B67C600302FB7 /* PomodorinoTimerExtension */;
		};
		1F140FAD2D6B686F00302FB7 /* Exceptions for "Pomodorini" folder in "Pomodorini" target */ = {
			isa = PBXFileSystemSynchronizedBuildFileExceptionSet;
			membershipExceptions = (
				Info.plist,
			);
			target = 1F9CAD802CF36ADB00A82D52 /* Pomodorini */;
		};
/* End PBXFileSystemSynchronizedBuildFileExceptionSet section */

/* Begin PBXFileSystemSynchronizedRootGroup section */
		1F140F9A2D6B67C600302FB7 /* PomodorinoTimer */ = {
			isa = PBXFileSystemSynchronizedRootGroup;
			exceptions = (
				1F140FAA2D6B67C700302FB7 /* Exceptions for "PomodorinoTimer" folder in "PomodorinoTimerExtension" target */,
			);
			path = PomodorinoTimer;
			sourceTree = "<group>";
		};
		1F9CAD832CF36ADB00A82D52 /* Pomodorini */ = {
			isa = PBXFileSystemSynchronizedRootGroup;
			exceptions = (
				1F140FAD2D6B686F00302FB7 /* Exceptions for "Pomodorini" folder in "Pomodorini" target */,
			);
			path = Pomodorini;
			sourceTree = "<group>";
		};
		1F9CAD962CF36ADC00A82D52 /* PomodoriniTests */ = {
			isa = PBXFileSystemSynchronizedRootGroup;
			path = PomodoriniTests;
			sourceTree = "<group>";
		};
		1F9CADA02CF36ADC00A82D52 /* PomodoriniUITests */ = {
			isa = PBXFileSystemSynchronizedRootGroup;
			path = PomodoriniUITests;
			sourceTree = "<group>";
		};
/* End PBXFileSystemSynchronizedRootGroup section */

/* Begin PBXFrameworksBuildPhase section */
		1F140F912D6B67C600302FB7 /* Frameworks */ = {
			isa = PBXFrameworksBuildPhase;
			buildActionMask = 2147483647;
			files = (
				1F140F992D6B67C600302FB7 /* SwiftUI.framework in Frameworks */,
				1F140F972D6B67C600302FB7 /* WidgetKit.framework in Frameworks */,
			);
			runOnlyForDeploymentPostprocessing = 0;
		};
		1F9CAD7E2CF36ADB00A82D52 /* Frameworks */ = {
			isa = PBXFrameworksBuildPhase;
			buildActionMask = 2147483647;
			files = (
			);
			runOnlyForDeploymentPostprocessing = 0;
		};
		1F9CAD902CF36ADC00A82D52 /* Frameworks */ = {
			isa = PBXFrameworksBuildPhase;
			buildActionMask = 2147483647;
			files = (
			);
			runOnlyForDeploymentPostprocessing = 0;
		};
		1F9CAD9A2CF36ADC00A82D52 /* Frameworks */ = {
			isa = PBXFrameworksBuildPhase;
			buildActionMask = 2147483647;
			files = (
			);
			runOnlyForDeploymentPostprocessing = 0;
		};
/* End PBXFrameworksBuildPhase section */

/* Begin PBXGroup section */
		1F140F952D6B67C600302FB7 /* Frameworks */ = {
			isa = PBXGroup;
			children = (
				1F140F962D6B67C600302FB7 /* WidgetKit.framework */,
				1F140F982D6B67C600302FB7 /* SwiftUI.framework */,
			);
			name = Frameworks;
			sourceTree = "<group>";
		};
		1F9CAD782CF36ADB00A82D52 = {
			isa = PBXGroup;
			children = (
				1F9CAD832CF36ADB00A82D52 /* Pomodorini */,
				1F9CAD962CF36ADC00A82D52 /* PomodoriniTests */,
				1F9CADA02CF36ADC00A82D52 /* PomodoriniUITests */,
				1F140F9A2D6B67C600302FB7 /* PomodorinoTimer */,
				1F140F952D6B67C600302FB7 /* Frameworks */,
				1F9CAD822CF36ADB00A82D52 /* Products */,
			);
			sourceTree = "<group>";
		};
		1F9CAD822CF36ADB00A82D52 /* Products */ = {
			isa = PBXGroup;
			children = (
				1F9CAD812CF36ADB00A82D52 /* Pomodorini.app */,
				1F9CAD932CF36ADC00A82D52 /* PomodoriniTests.xctest */,
				1F9CAD9D2CF36ADC00A82D52 /* PomodoriniUITests.xctest */,
				1F140F942D6B67C600302FB7 /* PomodorinoTimerExtension.appex */,
			);
			name = Products;
			sourceTree = "<group>";
		};
/* End PBXGroup section */

/* Begin PBXNativeTarget section */
		1F140F932D6B67C600302FB7 /* PomodorinoTimerExtension */ = {
			isa = PBXNativeTarget;
			buildConfigurationList = 1F140FAB2D6B67C700302FB7 /* Build configuration list for PBXNativeTarget "PomodorinoTimerExtension" */;
			buildPhases = (
				1F140F902D6B67C600302FB7 /* Sources */,
				1F140F912D6B67C600302FB7 /* Frameworks */,
				1F140F922D6B67C600302FB7 /* Resources */,
			);
			buildRules = (
			);
			dependencies = (
			);
			fileSystemSynchronizedGroups = (
				1F140F9A2D6B67C600302FB7 /* PomodorinoTimer */,
			);
			name = PomodorinoTimerExtension;
			packageProductDependencies = (
			);
			productName = PomodorinoTimerExtension;
			productReference = 1F140F942D6B67C600302FB7 /* PomodorinoTimerExtension.appex */;
			productType = "com.apple.product-type.app-extension";
		};
		1F9CAD802CF36ADB00A82D52 /* Pomodorini */ = {
			isa = PBXNativeTarget;
			buildConfigurationList = 1F9CADA72CF36ADC00A82D52 /* Build configuration list for PBXNativeTarget "Pomodorini" */;
			buildPhases = (
				1F9CAD7D2CF36ADB00A82D52 /* Sources */,
				1F9CAD7E2CF36ADB00A82D52 /* Frameworks */,
				1F9CAD7F2CF36ADB00A82D52 /* Resources */,
				1F140FA72D6B67C700302FB7 /* Embed Foundation Extensions */,
			);
			buildRules = (
			);
			dependencies = (
				1F140FA52D6B67C700302FB7 /* PBXTargetDependency */,
			);
			fileSystemSynchronizedGroups = (
				1F9CAD832CF36ADB00A82D52 /* Pomodorini */,
			);
			name = Pomodorini;
			packageProductDependencies = (
			);
			productName = Pomodori;
			productReference = 1F9CAD812CF36ADB00A82D52 /* Pomodorini.app */;
			productType = "com.apple.product-type.application";
		};
		1F9CAD922CF36ADC00A82D52 /* PomodoriniTests */ = {
			isa = PBXNativeTarget;
			buildConfigurationList = 1F9CADAA2CF36ADC00A82D52 /* Build configuration list for PBXNativeTarget "PomodoriniTests" */;
			buildPhases = (
				1F9CAD8F2CF36ADC00A82D52 /* Sources */,
				1F9CAD902CF36ADC00A82D52 /* Frameworks */,
				1F9CAD912CF36ADC00A82D52 /* Resources */,
			);
			buildRules = (
			);
			dependencies = (
				1F9CAD952CF36ADC00A82D52 /* PBXTargetDependency */,
			);
			fileSystemSynchronizedGroups = (
				1F9CAD962CF36ADC00A82D52 /* PomodoriniTests */,
			);
			name = PomodoriniTests;
			packageProductDependencies = (
			);
			productName = PomodoriTests;
			productReference = 1F9CAD932CF36ADC00A82D52 /* PomodoriniTests.xctest */;
			productType = "com.apple.product-type.bundle.unit-test";
		};
		1F9CAD9C2CF36ADC00A82D52 /* PomodoriniUITests */ = {
			isa = PBXNativeTarget;
			buildConfigurationList = 1F9CADAD2CF36ADC00A82D52 /* Build configuration list for PBXNativeTarget "PomodoriniUITests" */;
			buildPhases = (
				1F9CAD992CF36ADC00A82D52 /* Sources */,
				1F9CAD9A2CF36ADC00A82D52 /* Frameworks */,
				1F9CAD9B2CF36ADC00A82D52 /* Resources */,
			);
			buildRules = (
			);
			dependencies = (
				1F9CAD9F2CF36ADC00A82D52 /* PBXTargetDependency */,
			);
			fileSystemSynchronizedGroups = (
				1F9CADA02CF36ADC00A82D52 /* PomodoriniUITests */,
			);
			name = PomodoriniUITests;
			packageProductDependencies = (
			);
			productName = PomodoriUITests;
			productReference = 1F9CAD9D2CF36ADC00A82D52 /* PomodoriniUITests.xctest */;
			productType = "com.apple.product-type.bundle.ui-testing";
		};
/* End PBXNativeTarget section */

/* Begin PBXProject section */
		1F9CAD792CF36ADB00A82D52 /* Project object */ = {
			isa = PBXProject;
			attributes = {
				BuildIndependentTargetsInParallel = 1;
				LastSwiftUpdateCheck = 1620;
				LastUpgradeCheck = 1610;
				TargetAttributes = {
					1F140F932D6B67C600302FB7 = {
						CreatedOnToolsVersion = 16.2;
					};
					1F9CAD802CF36ADB00A82D52 = {
						CreatedOnToolsVersion = 16.1;
					};
					1F9CAD922CF36ADC00A82D52 = {
						CreatedOnToolsVersion = 16.1;
						TestTargetID = 1F9CAD802CF36ADB00A82D52;
					};
					1F9CAD9C2CF36ADC00A82D52 = {
						CreatedOnToolsVersion = 16.1;
						TestTargetID = 1F9CAD802CF36ADB00A82D52;
					};
				};
			};
			buildConfigurationList = 1F9CAD7C2CF36ADB00A82D52 /* Build configuration list for PBXProject "Pomodorini" */;
			developmentRegion = en;
			hasScannedForEncodings = 0;
			knownRegions = (
				en,
				Base,
			);
			mainGroup = 1F9CAD782CF36ADB00A82D52;
			minimizedProjectReferenceProxies = 1;
			preferredProjectObjectVersion = 77;
			productRefGroup = 1F9CAD822CF36ADB00A82D52 /* Products */;
			projectDirPath = "";
			projectRoot = "";
			targets = (
				1F9CAD802CF36ADB00A82D52 /* Pomodorini */,
				1F9CAD922CF36ADC00A82D52 /* PomodoriniTests */,
				1F9CAD9C2CF36ADC00A82D52 /* PomodoriniUITests */,
				1F140F932D6B67C600302FB7 /* PomodorinoTimerExtension */,
			);
		};
/* End PBXProject section */

/* Begin PBXResourcesBuildPhase section */
		1F140F922D6B67C600302FB7 /* Resources */ = {
			isa = PBXResourcesBuildPhase;
			buildActionMask = 2147483647;
			files = (
			);
			runOnlyForDeploymentPostprocessing = 0;
		};
		1F9CAD7F2CF36ADB00A82D52 /* Resources */ = {
			isa = PBXResourcesBuildPhase;
			buildActionMask = 2147483647;
			files = (
			);
			runOnlyForDeploymentPostprocessing = 0;
		};
		1F9CAD912CF36ADC00A82D52 /* Resources */ = {
			isa = PBXResourcesBuildPhase;
			buildActionMask = 2147483647;
			files = (
			);
			runOnlyForDeploymentPostprocessing = 0;
		};
		1F9CAD9B2CF36ADC00A82D52 /* Resources */ = {
			isa = PBXResourcesBuildPhase;
			buildActionMask = 2147483647;
			files = (
			);
			runOnlyForDeploymentPostprocessing = 0;
		};
/* End PBXResourcesBuildPhase section */

/* Begin PBXSourcesBuildPhase section */
		1F140F902D6B67C600302FB7 /* Sources */ = {
			isa = PBXSourcesBuildPhase;
			buildActionMask = 2147483647;
			files = (
			);
			runOnlyForDeploymentPostprocessing = 0;
		};
		1F9CAD7D2CF36ADB00A82D52 /* Sources */ = {
			isa = PBXSourcesBuildPhase;
			buildActionMask = 2147483647;
			files = (
			);
			runOnlyForDeploymentPostprocessing = 0;
		};
		1F9CAD8F2CF36ADC00A82D52 /* Sources */ = {
			isa = PBXSourcesBuildPhase;
			buildActionMask = 2147483647;
			files = (
			);
			runOnlyForDeploymentPostprocessing = 0;
		};
		1F9CAD992CF36ADC00A82D52 /* Sources */ = {
			isa = PBXSourcesBuildPhase;
			buildActionMask = 2147483647;
			files = (
			);
			runOnlyForDeploymentPostprocessing = 0;
		};
/* End PBXSourcesBuildPhase section */

/* Begin PBXTargetDependency section */
		1F140FA52D6B67C700302FB7 /* PBXTargetDependency */ = {
			isa = PBXTargetDependency;
			target = 1F140F932D6B67C600302FB7 /* PomodorinoTimerExtension */;
			targetProxy = 1F140FA42D6B67C700302FB7 /* PBXContainerItemProxy */;
		};
		1F9CAD952CF36ADC00A82D52 /* PBXTargetDependency */ = {
			isa = PBXTargetDependency;
			target = 1F9CAD802CF36ADB00A82D52 /* Pomodorini */;
			targetProxy = 1F9CAD942CF36ADC00A82D52 /* PBXContainerItemProxy */;
		};
		1F9CAD9F2CF36ADC00A82D52 /* PBXTargetDependency */ = {
			isa = PBXTargetDependency;
			target = 1F9CAD802CF36ADB00A82D52 /* Pomodorini */;
			targetProxy = 1F9CAD9E2CF36ADC00A82D52 /* PBXContainerItemProxy */;
		};
/* End PBXTargetDependency section */

/* Begin XCBuildConfiguration section */
		1F140FA82D6B67C700302FB7 /* Debug */ = {
			isa = XCBuildConfiguration;
			buildSettings = {
				ASSETCATALOG_COMPILER_GLOBAL_ACCENT_COLOR_NAME = AccentColor;
				ASSETCATALOG_COMPILER_WIDGET_BACKGROUND_COLOR_NAME = WidgetBackground;
				CODE_SIGN_STYLE = Automatic;
				CURRENT_PROJECT_VERSION = 1;
				DEVELOPMENT_TEAM = J83NG32859;
				GENERATE_INFOPLIST_FILE = YES;
				INFOPLIST_FILE = PomodorinoTimer/Info.plist;
				INFOPLIST_KEY_CFBundleDisplayName = PomodorinoTimer;
				INFOPLIST_KEY_NSHumanReadableCopyright = "";
				IPHONEOS_DEPLOYMENT_TARGET = 18.2;
				LD_RUNPATH_SEARCH_PATHS = (
					"$(inherited)",
					"@executable_path/Frameworks",
					"@executable_path/../../Frameworks",
				);
				MARKETING_VERSION = 1.0;
				PRODUCT_BUNDLE_IDENTIFIER = com.nicolasapps.Pomodorini.PomodorinoTimer;
				PRODUCT_NAME = "$(TARGET_NAME)";
				SKIP_INSTALL = YES;
				SWIFT_EMIT_LOC_STRINGS = YES;
				SWIFT_VERSION = 5.0;
				TARGETED_DEVICE_FAMILY = "1,2";
			};
			name = Debug;
		};
		1F140FA92D6B67C700302FB7 /* Release */ = {
			isa = XCBuildConfiguration;
			buildSettings = {
				ASSETCATALOG_COMPILER_GLOBAL_ACCENT_COLOR_NAME = AccentColor;
				ASSETCATALOG_COMPILER_WIDGET_BACKGROUND_COLOR_NAME = WidgetBackground;
				CODE_SIGN_STYLE = Automatic;
				CURRENT_PROJECT_VERSION = 1;
				DEVELOPMENT_TEAM = J83NG32859;
				GENERATE_INFOPLIST_FILE = YES;
				INFOPLIST_FILE = PomodorinoTimer/Info.plist;
				INFOPLIST_KEY_CFBundleDisplayName = PomodorinoTimer;
				INFOPLIST_KEY_NSHumanReadableCopyright = "";
				IPHONEOS_DEPLOYMENT_TARGET = 18.2;
				LD_RUNPATH_SEARCH_PATHS = (
					"$(inherited)",
					"@executable_path/Frameworks",
					"@executable_path/../../Frameworks",
				);
				MARKETING_VERSION = 1.0;
				PRODUCT_BUNDLE_IDENTIFIER = com.nicolasapps.Pomodorini.PomodorinoTimer;
				PRODUCT_NAME = "$(TARGET_NAME)";
				SKIP_INSTALL = YES;
				SWIFT_EMIT_LOC_STRINGS = YES;
				SWIFT_VERSION = 5.0;
				TARGETED_DEVICE_FAMILY = "1,2";
			};
			name = Release;
		};
		1F9CADA52CF36ADC00A82D52 /* Debug */ = {
			isa = XCBuildConfiguration;
			buildSettings = {
				ALWAYS_SEARCH_USER_PATHS = NO;
				ASSETCATALOG_COMPILER_GENERATE_SWIFT_ASSET_SYMBOL_EXTENSIONS = YES;
				CLANG_ANALYZER_NONNULL = YES;
				CLANG_ANALYZER_NUMBER_OBJECT_CONVERSION = YES_AGGRESSIVE;
				CLANG_CXX_LANGUAGE_STANDARD = "gnu++20";
				CLANG_ENABLE_MODULES = YES;
				CLANG_ENABLE_OBJC_ARC = YES;
				CLANG_ENABLE_OBJC_WEAK = YES;
				CLANG_WARN_BLOCK_CAPTURE_AUTORELEASING = YES;
				CLANG_WARN_BOOL_CONVERSION = YES;
				CLANG_WARN_COMMA = YES;
				CLANG_WARN_CONSTANT_CONVERSION = YES;
				CLANG_WARN_DEPRECATED_OBJC_IMPLEMENTATIONS = YES;
				CLANG_WARN_DIRECT_OBJC_ISA_USAGE = YES_ERROR;
				CLANG_WARN_DOCUMENTATION_COMMENTS = YES;
				CLANG_WARN_EMPTY_BODY = YES;
				CLANG_WARN_ENUM_CONVERSION = YES;
				CLANG_WARN_INFINITE_RECURSION = YES;
				CLANG_WARN_INT_CONVERSION = YES;
				CLANG_WARN_NON_LITERAL_NULL_CONVERSION = YES;
				CLANG_WARN_OBJC_IMPLICIT_RETAIN_SELF = YES;
				CLANG_WARN_OBJC_LITERAL_CONVERSION = YES;
				CLANG_WARN_OBJC_ROOT_CLASS = YES_ERROR;
				CLANG_WARN_QUOTED_INCLUDE_IN_FRAMEWORK_HEADER = YES;
				CLANG_WARN_RANGE_LOOP_ANALYSIS = YES;
				CLANG_WARN_STRICT_PROTOTYPES = YES;
				CLANG_WARN_SUSPICIOUS_MOVE = YES;
				CLANG_WARN_UNGUARDED_AVAILABILITY = YES_AGGRESSIVE;
				CLANG_WARN_UNREACHABLE_CODE = YES;
				CLANG_WARN__DUPLICATE_METHOD_MATCH = YES;
				COPY_PHASE_STRIP = NO;
				DEBUG_INFORMATION_FORMAT = dwarf;
				ENABLE_STRICT_OBJC_MSGSEND = YES;
				ENABLE_TESTABILITY = YES;
				ENABLE_USER_SCRIPT_SANDBOXING = YES;
				GCC_C_LANGUAGE_STANDARD = gnu17;
				GCC_DYNAMIC_NO_PIC = NO;
				GCC_NO_COMMON_BLOCKS = YES;
				GCC_OPTIMIZATION_LEVEL = 0;
				GCC_PREPROCESSOR_DEFINITIONS = (
					"DEBUG=1",
					"$(inherited)",
				);
				GCC_WARN_64_TO_32_BIT_CONVERSION = YES;
				GCC_WARN_ABOUT_RETURN_TYPE = YES_ERROR;
				GCC_WARN_UNDECLARED_SELECTOR = YES;
				GCC_WARN_UNINITIALIZED_AUTOS = YES_AGGRESSIVE;
				GCC_WARN_UNUSED_FUNCTION = YES;
				GCC_WARN_UNUSED_VARIABLE = YES;
				IPHONEOS_DEPLOYMENT_TARGET = 18.1;
				LOCALIZATION_PREFERS_STRING_CATALOGS = YES;
				MTL_ENABLE_DEBUG_INFO = INCLUDE_SOURCE;
				MTL_FAST_MATH = YES;
				ONLY_ACTIVE_ARCH = YES;
				SDKROOT = iphoneos;
				SWIFT_ACTIVE_COMPILATION_CONDITIONS = "DEBUG $(inherited)";
				SWIFT_OPTIMIZATION_LEVEL = "-Onone";
			};
			name = Debug;
		};
		1F9CADA62CF36ADC00A82D52 /* Release */ = {
			isa = XCBuildConfiguration;
			buildSettings = {
				ALWAYS_SEARCH_USER_PATHS = NO;
				ASSETCATALOG_COMPILER_GENERATE_SWIFT_ASSET_SYMBOL_EXTENSIONS = YES;
				CLANG_ANALYZER_NONNULL = YES;
				CLANG_ANALYZER_NUMBER_OBJECT_CONVERSION = YES_AGGRESSIVE;
				CLANG_CXX_LANGUAGE_STANDARD = "gnu++20";
				CLANG_ENABLE_MODULES = YES;
				CLANG_ENABLE_OBJC_ARC = YES;
				CLANG_ENABLE_OBJC_WEAK = YES;
				CLANG_WARN_BLOCK_CAPTURE_AUTORELEASING = YES;
				CLANG_WARN_BOOL_CONVERSION = YES;
				CLANG_WARN_COMMA = YES;
				CLANG_WARN_CONSTANT_CONVERSION = YES;
				CLANG_WARN_DEPRECATED_OBJC_IMPLEMENTATIONS = YES;
				CLANG_WARN_DIRECT_OBJC_ISA_USAGE = YES_ERROR;
				CLANG_WARN_DOCUMENTATION_COMMENTS = YES;
				CLANG_WARN_EMPTY_BODY = YES;
				CLANG_WARN_ENUM_CONVERSION = YES;
				CLANG_WARN_INFINITE_RECURSION = YES;
				CLANG_WARN_INT_CONVERSION = YES;
				CLANG_WARN_NON_LITERAL_NULL_CONVERSION = YES;
				CLANG_WARN_OBJC_IMPLICIT_RETAIN_SELF = YES;
				CLANG_WARN_OBJC_LITERAL_CONVERSION = YES;
				CLANG_WARN_OBJC_ROOT_CLASS = YES_ERROR;
				CLANG_WARN_QUOTED_INCLUDE_IN_FRAMEWORK_HEADER = YES;
				CLANG_WARN_RANGE_LOOP_ANALYSIS = YES;
				CLANG_WARN_STRICT_PROTOTYPES = YES;
				CLANG_WARN_SUSPICIOUS_MOVE = YES;
				CLANG_WARN_UNGUARDED_AVAILABILITY = YES_AGGRESSIVE;
				CLANG_WARN_UNREACHABLE_CODE = YES;
				CLANG_WARN__DUPLICATE_METHOD_MATCH = YES;
				COPY_PHASE_STRIP = NO;
				DEBUG_INFORMATION_FORMAT = "dwarf-with-dsym";
				ENABLE_NS_ASSERTIONS = NO;
				ENABLE_STRICT_OBJC_MSGSEND = YES;
				ENABLE_USER_SCRIPT_SANDBOXING = YES;
				GCC_C_LANGUAGE_STANDARD = gnu17;
				GCC_NO_COMMON_BLOCKS = YES;
				GCC_WARN_64_TO_32_BIT_CONVERSION = YES;
				GCC_WARN_ABOUT_RETURN_TYPE = YES_ERROR;
				GCC_WARN_UNDECLARED_SELECTOR = YES;
				GCC_WARN_UNINITIALIZED_AUTOS = YES_AGGRESSIVE;
				GCC_WARN_UNUSED_FUNCTION = YES;
				GCC_WARN_UNUSED_VARIABLE = YES;
				IPHONEOS_DEPLOYMENT_TARGET = 18.1;
				LOCALIZATION_PREFERS_STRING_CATALOGS = YES;
				MTL_ENABLE_DEBUG_INFO = NO;
				MTL_FAST_MATH = YES;
				SDKROOT = iphoneos;
				SWIFT_COMPILATION_MODE = wholemodule;
				VALIDATE_PRODUCT = YES;
			};
			name = Release;
		};
		1F9CADA82CF36ADC00A82D52 /* Debug */ = {
			isa = XCBuildConfiguration;
			buildSettings = {
				ASSETCATALOG_COMPILER_APPICON_NAME = AppIcon;
				ASSETCATALOG_COMPILER_GLOBAL_ACCENT_COLOR_NAME = AccentColor;
				CODE_SIGN_STYLE = Automatic;
				CURRENT_PROJECT_VERSION = 1;
				DEVELOPMENT_ASSET_PATHS = "\"Pomodorini/Preview Content\"";
				DEVELOPMENT_TEAM = J83NG32859;
				ENABLE_PREVIEWS = YES;
				GENERATE_INFOPLIST_FILE = YES;
				INFOPLIST_FILE = Pomodorini/Info.plist;
				INFOPLIST_KEY_CFBundleDisplayName = Pomodorini;
				INFOPLIST_KEY_LSApplicationCategoryType = "public.app-category.productivity";
				INFOPLIST_KEY_NSSupportsLiveActivities = YES;
				INFOPLIST_KEY_UIApplicationSceneManifest_Generation = YES;
				INFOPLIST_KEY_UIApplicationSupportsIndirectInputEvents = YES;
				INFOPLIST_KEY_UILaunchScreen_Generation = YES;
				INFOPLIST_KEY_UILaunchStoryboardName = "Launch Screen";
				INFOPLIST_KEY_UISupportedInterfaceOrientations = UIInterfaceOrientationPortrait;
				INFOPLIST_KEY_UISupportedInterfaceOrientations_iPad = "UIInterfaceOrientationLandscapeLeft UIInterfaceOrientationLandscapeRight UIInterfaceOrientationPortrait UIInterfaceOrientationPortraitUpsideDown";
				IPHONEOS_DEPLOYMENT_TARGET = 18.0;
				LD_RUNPATH_SEARCH_PATHS = (
					"$(inherited)",
					"@executable_path/Frameworks",
				);
				MARKETING_VERSION = 0.2.0;
				PRODUCT_BUNDLE_IDENTIFIER = com.nicolasapps.Pomodorini;
				PRODUCT_NAME = "$(TARGET_NAME)";
				SWIFT_EMIT_LOC_STRINGS = YES;
				SWIFT_VERSION = 5.0;
				TARGETED_DEVICE_FAMILY = "1,2";
			};
			name = Debug;
		};
		1F9CADA92CF36ADC00A82D52 /* Release */ = {
			isa = XCBuildConfiguration;
			buildSettings = {
				ASSETCATALOG_COMPILER_APPICON_NAME = AppIcon;
				ASSETCATALOG_COMPILER_GLOBAL_ACCENT_COLOR_NAME = AccentColor;
				CODE_SIGN_STYLE = Automatic;
				CURRENT_PROJECT_VERSION = 1;
				DEVELOPMENT_ASSET_PATHS = "\"Pomodorini/Preview Content\"";
				DEVELOPMENT_TEAM = J83NG32859;
				ENABLE_PREVIEWS = YES;
				GENERATE_INFOPLIST_FILE = YES;
				INFOPLIST_FILE = Pomodorini/Info.plist;
				INFOPLIST_KEY_CFBundleDisplayName = Pomodorini;
				INFOPLIST_KEY_LSApplicationCategoryType = "public.app-category.productivity";
				INFOPLIST_KEY_NSSupportsLiveActivities = YES;
				INFOPLIST_KEY_UIApplicationSceneManifest_Generation = YES;
				INFOPLIST_KEY_UIApplicationSupportsIndirectInputEvents = YES;
				INFOPLIST_KEY_UILaunchScreen_Generation = YES;
				INFOPLIST_KEY_UILaunchStoryboardName = "Launch Screen";
				INFOPLIST_KEY_UISupportedInterfaceOrientations = UIInterfaceOrientationPortrait;
				INFOPLIST_KEY_UISupportedInterfaceOrientations_iPad = "UIInterfaceOrientationLandscapeLeft UIInterfaceOrientationLandscapeRight UIInterfaceOrientationPortrait UIInterfaceOrientationPortraitUpsideDown";
				IPHONEOS_DEPLOYMENT_TARGET = 18.0;
				LD_RUNPATH_SEARCH_PATHS = (
					"$(inherited)",
					"@executable_path/Frameworks",
				);
				MARKETING_VERSION = 0.2.0;
				PRODUCT_BUNDLE_IDENTIFIER = com.nicolasapps.Pomodorini;
				PRODUCT_NAME = "$(TARGET_NAME)";
				SWIFT_EMIT_LOC_STRINGS = YES;
				SWIFT_VERSION = 5.0;
				TARGETED_DEVICE_FAMILY = "1,2";
			};
			name = Release;
		};
		1F9CADAB2CF36ADC00A82D52 /* Debug */ = {
			isa = XCBuildConfiguration;
			buildSettings = {
				BUNDLE_LOADER = "$(TEST_HOST)";
				CODE_SIGN_STYLE = Automatic;
				CURRENT_PROJECT_VERSION = 1;
				GENERATE_INFOPLIST_FILE = YES;
				IPHONEOS_DEPLOYMENT_TARGET = 18.1;
				MARKETING_VERSION = 1.0;
				PRODUCT_BUNDLE_IDENTIFIER = com.nicolasapps.PomodoriTests;
				PRODUCT_NAME = "$(TARGET_NAME)";
				SWIFT_EMIT_LOC_STRINGS = NO;
				SWIFT_VERSION = 5.0;
				TARGETED_DEVICE_FAMILY = "1,2";
				TEST_HOST = "$(BUILT_PRODUCTS_DIR)/Pomodorini.app/$(BUNDLE_EXECUTABLE_FOLDER_PATH)/Pomodorini";
			};
			name = Debug;
		};
		1F9CADAC2CF36ADC00A82D52 /* Release */ = {
			isa = XCBuildConfiguration;
			buildSettings = {
				BUNDLE_LOADER = "$(TEST_HOST)";
				CODE_SIGN_STYLE = Automatic;
				CURRENT_PROJECT_VERSION = 1;
				GENERATE_INFOPLIST_FILE = YES;
				IPHONEOS_DEPLOYMENT_TARGET = 18.1;
				MARKETING_VERSION = 1.0;
				PRODUCT_BUNDLE_IDENTIFIER = com.nicolasapps.PomodoriTests;
				PRODUCT_NAME = "$(TARGET_NAME)";
				SWIFT_EMIT_LOC_STRINGS = NO;
				SWIFT_VERSION = 5.0;
				TARGETED_DEVICE_FAMILY = "1,2";
				TEST_HOST = "$(BUILT_PRODUCTS_DIR)/Pomodorini.app/$(BUNDLE_EXECUTABLE_FOLDER_PATH)/Pomodorini";
			};
			name = Release;
		};
		1F9CADAE2CF36ADC00A82D52 /* Debug */ = {
			isa = XCBuildConfiguration;
			buildSettings = {
				CODE_SIGN_STYLE = Automatic;
				CURRENT_PROJECT_VERSION = 1;
				GENERATE_INFOPLIST_FILE = YES;
				MARKETING_VERSION = 1.0;
				PRODUCT_BUNDLE_IDENTIFIER = com.nicolasapps.PomodoriUITests;
				PRODUCT_NAME = "$(TARGET_NAME)";
				SWIFT_EMIT_LOC_STRINGS = NO;
				SWIFT_VERSION = 5.0;
				TARGETED_DEVICE_FAMILY = "1,2";
				TEST_TARGET_NAME = Pomodori;
			};
			name = Debug;
		};
		1F9CADAF2CF36ADC00A82D52 /* Release */ = {
			isa = XCBuildConfiguration;
			buildSettings = {
				CODE_SIGN_STYLE = Automatic;
				CURRENT_PROJECT_VERSION = 1;
				GENERATE_INFOPLIST_FILE = YES;
				MARKETING_VERSION = 1.0;
				PRODUCT_BUNDLE_IDENTIFIER = com.nicolasapps.PomodoriUITests;
				PRODUCT_NAME = "$(TARGET_NAME)";
				SWIFT_EMIT_LOC_STRINGS = NO;
				SWIFT_VERSION = 5.0;
				TARGETED_DEVICE_FAMILY = "1,2";
				TEST_TARGET_NAME = Pomodori;
			};
			name = Release;
		};
/* End XCBuildConfiguration section */

/* Begin XCConfigurationList section */
		1F140FAB2D6B67C700302FB7 /* Build configuration list for PBXNativeTarget "PomodorinoTimerExtension" */ = {
			isa = XCConfigurationList;
			buildConfigurations = (
				1F140FA82D6B67C700302FB7 /* Debug */,
				1F140FA92D6B67C700302FB7 /* Release */,
			);
			defaultConfigurationIsVisible = 0;
			defaultConfigurationName = Release;
		};
		1F9CAD7C2CF36ADB00A82D52 /* Build configuration list for PBXProject "Pomodorini" */ = {
			isa = XCConfigurationList;
			buildConfigurations = (
				1F9CADA52CF36ADC00A82D52 /* Debug */,
				1F9CADA62CF36ADC00A82D52 /* Release */,
			);
			defaultConfigurationIsVisible = 0;
			defaultConfigurationName = Release;
		};
		1F9CADA72CF36ADC00A82D52 /* Build configuration list for PBXNativeTarget "Pomodorini" */ = {
			isa = XCConfigurationList;
			buildConfigurations = (
				1F9CADA82CF36ADC00A82D52 /* Debug */,
				1F9CADA92CF36ADC00A82D52 /* Release */,
			);
			defaultConfigurationIsVisible = 0;
			defaultConfigurationName = Release;
		};
		1F9CADAA2CF36ADC00A82D52 /* Build configuration list for PBXNativeTarget "PomodoriniTests" */ = {
			isa = XCConfigurationList;
			buildConfigurations = (
				1F9CADAB2CF36ADC00A82D52 /* Debug */,
				1F9CADAC2CF36ADC00A82D52 /* Release */,
			);
			defaultConfigurationIsVisible = 0;
			defaultConfigurationName = Release;
		};
		1F9CADAD2CF36ADC00A82D52 /* Build configuration list for PBXNativeTarget "PomodoriniUITests" */ = {
			isa = XCConfigurationList;
			buildConfigurations = (
				1F9CADAE2CF36ADC00A82D52 /* Debug */,
				1F9CADAF2CF36ADC00A82D52 /* Release */,
			);
			defaultConfigurationIsVisible = 0;
			defaultConfigurationName = Release;
		};
/* End XCConfigurationList section */
	};
	rootObject = 1F9CAD792CF36ADB00A82D52 /* Project object */;
}
